
Microsoft Visual Studio Solution File, Format Version 12.00
# Visual Studio 14
VisualStudioVersion = 14.0.25420.1
MinimumVisualStudioVersion = 10.0.40219.1
Project("{FAE04EC0-301F-11D3-BF4B-00C04F79EFBC}") = "CacheNomAdministration.SoapServices", "CacheNomAdministration.SoapServices\CacheNomAdministration.SoapServices.csproj", "{DD6353D1-9CC8-495F-9687-9CFC2EE8787A}"
EndProject
Project("{FAE04EC0-301F-11D3-BF4B-00C04F79EFBC}") = "CacheNomAdministration.ConsoleTest", "CacheNomAdministration.ConsoleTest\CacheNomAdministration.ConsoleTest.csproj", "{5F460B3F-423D-4E6E-A011-3ED0CEE96202}"
EndProject
Project("{FAE04EC0-301F-11D3-BF4B-00C04F79EFBC}") = "CacheNomAdministration.WebApi", "CacheNomAdministration.WebApi\CacheNomAdministration.WebApi.csproj", "{E6B8E35C-BE35-4DDA-9484-7C4FA263F47B}"
EndProject
Project("{FAE04EC0-301F-11D3-BF4B-00C04F79EFBC}") = "CacheNomAdministration.Data", "CacheNomAdministration.Data\CacheNomAdministration.Data.csproj", "{7EA50EB8-E71A-4003-AC52-CF4D248B9A07}"
EndProject
Project("{FAE04EC0-301F-11D3-BF4B-00C04F79EFBC}") = "CacheNomAdministration.Models", "CacheNomAdministration.Models\CacheNomAdministration.Models.csproj", "{DB549394-2596-41F2-9C03-383C20171BCF}"
EndProject
Global
	GlobalSection(SolutionConfigurationPlatforms) = preSolution
		Debug|Any CPU = Debug|Any CPU
		Release|Any CPU = Release|Any CPU
	EndGlobalSection
	GlobalSection(ProjectConfigurationPlatforms) = postSolution
		{DD6353D1-9CC8-495F-9687-9CFC2EE8787A}.Debug|Any CPU.ActiveCfg = Debug|Any CPU
		{DD6353D1-9CC8-495F-9687-9CFC2EE8787A}.Debug|Any CPU.Build.0 = Debug|Any CPU
		{DD6353D1-9CC8-495F-9687-9CFC2EE8787A}.Release|Any CPU.ActiveCfg = Release|Any CPU
		{DD6353D1-9CC8-495F-9687-9CFC2EE8787A}.Release|Any CPU.Build.0 = Release|Any CPU
		{5F460B3F-423D-4E6E-A011-3ED0CEE96202}.Debug|Any CPU.ActiveCfg = Debug|Any CPU
		{5F460B3F-423D-4E6E-A011-3ED0CEE96202}.Debug|Any CPU.Build.0 = Debug|Any CPU
		{5F460B3F-423D-4E6E-A011-3ED0CEE96202}.Release|Any CPU.ActiveCfg = Release|Any CPU
		{5F460B3F-423D-4E6E-A011-3ED0CEE96202}.Release|Any CPU.Build.0 = Release|Any CPU
		{E6B8E35C-BE35-4DDA-9484-7C4FA263F47B}.Debug|Any CPU.ActiveCfg = Debug|Any CPU
		{E6B8E35C-BE35-4DDA-9484-7C4FA263F47B}.Debug|Any CPU.Build.0 = Debug|Any CPU
		{E6B8E35C-BE35-4DDA-9484-7C4FA263F47B}.Release|Any CPU.ActiveCfg = Release|Any CPU
		{E6B8E35C-BE35-4DDA-9484-7C4FA263F47B}.Release|Any CPU.Build.0 = Release|Any CPU
		{7EA50EB8-E71A-4003-AC52-CF4D248B9A07}.Debug|Any CPU.ActiveCfg = Debug|Any CPU
		{7EA50EB8-E71A-4003-AC52-CF4D248B9A07}.Debug|Any CPU.Build.0 = Debug|Any CPU
		{7EA50EB8-E71A-4003-AC52-CF4D248B9A07}.Release|Any CPU.ActiveCfg = Release|Any CPU
		{7EA50EB8-E71A-4003-AC52-CF4D248B9A07}.Release|Any CPU.Build.0 = Release|Any CPU
		{DB549394-2596-41F2-9C03-383C20171BCF}.Debug|Any CPU.ActiveCfg = Debug|Any CPU
		{DB549394-2596-41F2-9C03-383C20171BCF}.Debug|Any CPU.Build.0 = Debug|Any CPU
		{DB549394-2596-41F2-9C03-383C20171BCF}.Release|Any CPU.ActiveCfg = Release|Any CPU
		{DB549394-2596-41F2-9C03-383C20171BCF}.Release|Any CPU.Build.0 = Release|Any CPU
	EndGlobalSection
	GlobalSection(SolutionProperties) = preSolution
		HideSolutionNode = FALSE
	EndGlobalSection
EndGlobal
